
Microsoft Visual Studio Solution File, Format Version 12.00
# Visual Studio 2012
Project("{FAE04EC0-301F-11D3-BF4B-00C04F79EFBC}") = "InjectableSettings", "InjectableSettings\InjectableSettings.csproj", "{DDC25C3B-E7E1-44DE-91CA-EA1A9A8CB023}"
EndProject
Project("{FAE04EC0-301F-11D3-BF4B-00C04F79EFBC}") = "InjectableSettings.Test", "InjectableSettings.Test\InjectableSettings.Test.csproj", "{F8B9B2B0-93FA-4692-AD46-8966219BC491}"
EndProject
Project("{2150E333-8FDC-42A3-9474-1A3956D46DE8}") = ".nuget", ".nuget", "{372FA211-6997-4990-8B9A-37B07A303A62}"
	ProjectSection(SolutionItems) = preProject
		.nuget\packages.config = .nuget\packages.config
	EndProjectSection
EndProject
Project("{2150E333-8FDC-42A3-9474-1A3956D46DE8}") = "Solution Items", "Solution Items", "{F121CDF3-DC90-490D-905A-0C5601151786}"
	ProjectSection(SolutionItems) = preProject
		Build.fsx = Build.fsx
	EndProjectSection
EndProject
Global
	GlobalSection(SolutionConfigurationPlatforms) = preSolution
		Debug|Any CPU = Debug|Any CPU
		Release|Any CPU = Release|Any CPU
	EndGlobalSection
	GlobalSection(ProjectConfigurationPlatforms) = postSolution
		{DDC25C3B-E7E1-44DE-91CA-EA1A9A8CB023}.Debug|Any CPU.ActiveCfg = Debug|Any CPU
		{DDC25C3B-E7E1-44DE-91CA-EA1A9A8CB023}.Debug|Any CPU.Build.0 = Debug|Any CPU
		{DDC25C3B-E7E1-44DE-91CA-EA1A9A8CB023}.Release|Any CPU.ActiveCfg = Release|Any CPU
		{DDC25C3B-E7E1-44DE-91CA-EA1A9A8CB023}.Release|Any CPU.Build.0 = Release|Any CPU
		{F8B9B2B0-93FA-4692-AD46-8966219BC491}.Debug|Any CPU.ActiveCfg = Debug|Any CPU
		{F8B9B2B0-93FA-4692-AD46-8966219BC491}.Debug|Any CPU.Build.0 = Debug|Any CPU
		{F8B9B2B0-93FA-4692-AD46-8966219BC491}.Release|Any CPU.ActiveCfg = Release|Any CPU
		{F8B9B2B0-93FA-4692-AD46-8966219BC491}.Release|Any CPU.Build.0 = Release|Any CPU
	EndGlobalSection
	GlobalSection(SolutionProperties) = preSolution
		HideSolutionNode = FALSE
	EndGlobalSection
EndGlobal
